
Microsoft Visual Studio Solution File, Format Version 12.00
# Visual Studio 15
VisualStudioVersion = 15.0.28307.271
MinimumVisualStudioVersion = 10.0.40219.1
Project("{FAE04EC0-301F-11D3-BF4B-00C04F79EFBC}") = "SpyEmu", "SpyEmu\SpyEmu.csproj", "{B2FEEBF3-E889-4DDA-A3CD-B5CC1687F165}"
EndProject
Project("{2150E333-8FDC-42A3-9474-1A3956D46DE8}") = "Solution Items", "Solution Items", "{5965C40C-52AE-4E27-8E5E-8779941889F3}"
	ProjectSection(SolutionItems) = preProject
		Readme.md = Readme.md
	EndProjectSection
EndProject
Project("{FAE04EC0-301F-11D3-BF4B-00C04F79EFBC}") = "SpyEmuCore", "SpyEmuCore\SpyEmuCore.csproj", "{F8D64A25-C752-449D-BA41-73418EBDDA07}"
EndProject
Project("{FAE04EC0-301F-11D3-BF4B-00C04F79EFBC}") = "LogLib", "LogLib\LogLib.csproj", "{D20AE664-F46F-406B-AB16-3FA9CC9C41EC}"
EndProject
Project("{FAE04EC0-301F-11D3-BF4B-00C04F79EFBC}") = "WindowView", "WindowView\WindowView.csproj", "{7382E5E0-0B13-4177-B3BD-5C5B6537C209}"
EndProject
Global
	GlobalSection(SolutionConfigurationPlatforms) = preSolution
		Debug|Any CPU = Debug|Any CPU
		Release|Any CPU = Release|Any CPU
	EndGlobalSection
	GlobalSection(ProjectConfigurationPlatforms) = postSolution
		{B2FEEBF3-E889-4DDA-A3CD-B5CC1687F165}.Debug|Any CPU.ActiveCfg = Debug|Any CPU
		{B2FEEBF3-E889-4DDA-A3CD-B5CC1687F165}.Debug|Any CPU.Build.0 = Debug|Any CPU
		{B2FEEBF3-E889-4DDA-A3CD-B5CC1687F165}.Release|Any CPU.ActiveCfg = Release|Any CPU
		{B2FEEBF3-E889-4DDA-A3CD-B5CC1687F165}.Release|Any CPU.Build.0 = Release|Any CPU
		{F8D64A25-C752-449D-BA41-73418EBDDA07}.Debug|Any CPU.ActiveCfg = Debug|Any CPU
		{F8D64A25-C752-449D-BA41-73418EBDDA07}.Debug|Any CPU.Build.0 = Debug|Any CPU
		{F8D64A25-C752-449D-BA41-73418EBDDA07}.Release|Any CPU.ActiveCfg = Release|Any CPU
		{F8D64A25-C752-449D-BA41-73418EBDDA07}.Release|Any CPU.Build.0 = Release|Any CPU
		{D20AE664-F46F-406B-AB16-3FA9CC9C41EC}.Debug|Any CPU.ActiveCfg = Debug|Any CPU
		{D20AE664-F46F-406B-AB16-3FA9CC9C41EC}.Debug|Any CPU.Build.0 = Debug|Any CPU
		{D20AE664-F46F-406B-AB16-3FA9CC9C41EC}.Release|Any CPU.ActiveCfg = Release|Any CPU
		{D20AE664-F46F-406B-AB16-3FA9CC9C41EC}.Release|Any CPU.Build.0 = Release|Any CPU
		{7382E5E0-0B13-4177-B3BD-5C5B6537C209}.Debug|Any CPU.ActiveCfg = Debug|Any CPU
		{7382E5E0-0B13-4177-B3BD-5C5B6537C209}.Debug|Any CPU.Build.0 = Debug|Any CPU
		{7382E5E0-0B13-4177-B3BD-5C5B6537C209}.Release|Any CPU.ActiveCfg = Release|Any CPU
		{7382E5E0-0B13-4177-B3BD-5C5B6537C209}.Release|Any CPU.Build.0 = Release|Any CPU
	EndGlobalSection
	GlobalSection(SolutionProperties) = preSolution
		HideSolutionNode = FALSE
	EndGlobalSection
	GlobalSection(ExtensibilityGlobals) = postSolution
		SolutionGuid = {E12974F7-B9B6-472A-AAE7-6EEF473B9CBE}
	EndGlobalSection
EndGlobal
